
Microsoft Visual Studio Solution File, Format Version 12.00
# Visual Studio 14
VisualStudioVersion = 14.0.23107.0
MinimumVisualStudioVersion = 10.0.40219.1
Project("{FAE04EC0-301F-11D3-BF4B-00C04F79EFBC}") = "comunicasionDatos", "comunicasionDatos\comunicasionDatos.csproj", "{3E42CB4A-B4DE-4821-A4BB-3A9167559E9E}"
EndProject
Project("{FAE04EC0-301F-11D3-BF4B-00C04F79EFBC}") = "diseños", "diseños\diseños.csproj", "{5D8125E8-40CC-4264-92D9-BFF1090F855C}"
EndProject
Project("{FAE04EC0-301F-11D3-BF4B-00C04F79EFBC}") = "SolucionPing", "..\graficas\SolucionPing\SolucionPing.csproj", "{55D76D4D-FC3C-43D3-A2BC-EFA4FAC10412}"
EndProject
Global
	GlobalSection(SolutionConfigurationPlatforms) = preSolution
		Debug|Any CPU = Debug|Any CPU
		Release|Any CPU = Release|Any CPU
	EndGlobalSection
	GlobalSection(ProjectConfigurationPlatforms) = postSolution
		{3E42CB4A-B4DE-4821-A4BB-3A9167559E9E}.Debug|Any CPU.ActiveCfg = Debug|Any CPU
		{3E42CB4A-B4DE-4821-A4BB-3A9167559E9E}.Debug|Any CPU.Build.0 = Debug|Any CPU
		{3E42CB4A-B4DE-4821-A4BB-3A9167559E9E}.Release|Any CPU.ActiveCfg = Release|Any CPU
		{3E42CB4A-B4DE-4821-A4BB-3A9167559E9E}.Release|Any CPU.Build.0 = Release|Any CPU
		{5D8125E8-40CC-4264-92D9-BFF1090F855C}.Debug|Any CPU.ActiveCfg = Debug|Any CPU
		{5D8125E8-40CC-4264-92D9-BFF1090F855C}.Debug|Any CPU.Build.0 = Debug|Any CPU
		{5D8125E8-40CC-4264-92D9-BFF1090F855C}.Release|Any CPU.ActiveCfg = Release|Any CPU
		{5D8125E8-40CC-4264-92D9-BFF1090F855C}.Release|Any CPU.Build.0 = Release|Any CPU
		{55D76D4D-FC3C-43D3-A2BC-EFA4FAC10412}.Debug|Any CPU.ActiveCfg = Debug|Any CPU
		{55D76D4D-FC3C-43D3-A2BC-EFA4FAC10412}.Debug|Any CPU.Build.0 = Debug|Any CPU
		{55D76D4D-FC3C-43D3-A2BC-EFA4FAC10412}.Release|Any CPU.ActiveCfg = Release|Any CPU
		{55D76D4D-FC3C-43D3-A2BC-EFA4FAC10412}.Release|Any CPU.Build.0 = Release|Any CPU
	EndGlobalSection
	GlobalSection(SolutionProperties) = preSolution
		HideSolutionNode = FALSE
	EndGlobalSection
	GlobalSection(ExtensibilityGlobals) = postSolution
		SolutionGuid = {ACE81C3C-0302-4EA1-B04E-DBCC92059403}
	EndGlobalSection
EndGlobal
